// !$*UTF8*$!
{
	archiveVersion = 1;
	classes = {
	};
	objectVersion = 50;
	objects = {

/* Begin PBXBuildFile section */
		0B717430208F5D6C007F70C5 /* AppDelegate.swift in Sources */ = {isa = PBXBuildFile; fileRef = 0B71742F208F5D6C007F70C5 /* AppDelegate.swift */; };
		0B717435208F5D6C007F70C5 /* Main.storyboard in Resources */ = {isa = PBXBuildFile; fileRef = 0B717433208F5D6C007F70C5 /* Main.storyboard */; };
		0B717437208F5D6D007F70C5 /* Assets.xcassets in Resources */ = {isa = PBXBuildFile; fileRef = 0B717436208F5D6D007F70C5 /* Assets.xcassets */; };
		0B71743A208F5D6D007F70C5 /* LaunchScreen.storyboard in Resources */ = {isa = PBXBuildFile; fileRef = 0B717438208F5D6D007F70C5 /* LaunchScreen.storyboard */; };
		0B717442208F5DD0007F70C5 /* WelcomeVC.swift in Sources */ = {isa = PBXBuildFile; fileRef = 0B717441208F5DD0007F70C5 /* WelcomeVC.swift */; };
		0B71744D208F657C007F70C5 /* bikingVC.swift in Sources */ = {isa = PBXBuildFile; fileRef = 0B71744C208F657C007F70C5 /* bikingVC.swift */; };
		0B71744F208F658E007F70C5 /* readingVC.swift in Sources */ = {isa = PBXBuildFile; fileRef = 0B71744E208F658E007F70C5 /* readingVC.swift */; };
/* End PBXBuildFile section */

/* Begin PBXFileReference section */
		0B71742C208F5D6C007F70C5 /* Hobbies.app */ = {isa = PBXFileReference; explicitFileType = wrapper.application; includeInIndex = 0; path = Hobbies.app; sourceTree = BUILT_PRODUCTS_DIR; };
		0B71742F208F5D6C007F70C5 /* AppDelegate.swift */ = {isa = PBXFileReference; lastKnownFileType = sourcecode.swift; path = AppDelegate.swift; sourceTree = "<group>"; };
		0B717434208F5D6C007F70C5 /* Base */ = {isa = PBXFileReference; lastKnownFileType = file.storyboard; name = Base; path = Base.lproj/Main.storyboard; sourceTree = "<group>"; };
		0B717436208F5D6D007F70C5 /* Assets.xcassets */ = {isa = PBXFileReference; lastKnownFileType = folder.assetcatalog; path = Assets.xcassets; sourceTree = "<group>"; };
		0B717439208F5D6D007F70C5 /* Base */ = {isa = PBXFileReference; lastKnownFileType = file.storyboard; name = Base; path = Base.lproj/LaunchScreen.storyboard; sourceTree = "<group>"; };
		0B71743B208F5D6D007F70C5 /* Info.plist */ = {isa = PBXFileReference; lastKnownFileType = text.plist.xml; path = Info.plist; sourceTree = "<group>"; };
		0B717441208F5DD0007F70C5 /* WelcomeVC.swift */ = {isa = PBXFileReference; lastKnownFileType = sourcecode.swift; path = WelcomeVC.swift; sourceTree = "<group>"; };
		0B71744C208F657C007F70C5 /* bikingVC.swift */ = {isa = PBXFileReference; lastKnownFileType = sourcecode.swift; path = bikingVC.swift; sourceTree = "<group>"; };
		0B71744E208F658E007F70C5 /* readingVC.swift */ = {isa = PBXFileReference; lastKnownFileType = sourcecode.swift; path = readingVC.swift; sourceTree = "<group>"; };
/* End PBXFileReference section */

/* Begin PBXFrameworksBuildPhase section */
		0B717429208F5D6C007F70C5 /* Frameworks */ = {
			isa = PBXFrameworksBuildPhase;
			buildActionMask = 2147483647;
			files = (
			);
			runOnlyForDeploymentPostprocessing = 0;
		};
/* End PBXFrameworksBuildPhase section */

/* Begin PBXGroup section */
		0B717423208F5D6C007F70C5 = {
			isa = PBXGroup;
			children = (
				0B71742E208F5D6C007F70C5 /* Hobbies */,
				0B71742D208F5D6C007F70C5 /* Products */,
			);
			sourceTree = "<group>";
		};
		0B71742D208F5D6C007F70C5 /* Products */ = {
			isa = PBXGroup;
			children = (
				0B71742C208F5D6C007F70C5 /* Hobbies.app */,
			);
			name = Products;
			sourceTree = "<group>";
		};
		0B71742E208F5D6C007F70C5 /* Hobbies */ = {
			isa = PBXGroup;
			children = (
				0B717445208F5DE8007F70C5 /* Model */,
				0B717444208F5DE2007F70C5 /* View */,
				0B717443208F5DD8007F70C5 /* Controller */,
				0B71742F208F5D6C007F70C5 /* AppDelegate.swift */,
				0B717433208F5D6C007F70C5 /* Main.storyboard */,
				0B717436208F5D6D007F70C5 /* Assets.xcassets */,
				0B717438208F5D6D007F70C5 /* LaunchScreen.storyboard */,
				0B71743B208F5D6D007F70C5 /* Info.plist */,
			);
			path = Hobbies;
			sourceTree = "<group>";
		};
		0B717443208F5DD8007F70C5 /* Controller */ = {
			isa = PBXGroup;
			children = (
				0B717441208F5DD0007F70C5 /* WelcomeVC.swift */,
				0B71744C208F657C007F70C5 /* bikingVC.swift */,
				0B71744E208F658E007F70C5 /* readingVC.swift */,
			);
			path = Controller;
			sourceTree = "<group>";
		};
		0B717444208F5DE2007F70C5 /* View */ = {
			isa = PBXGroup;
			children = (
			);
			path = View;
			sourceTree = "<group>";
		};
		0B717445208F5DE8007F70C5 /* Model */ = {
			isa = PBXGroup;
			children = (
			);
			path = Model;
			sourceTree = "<group>";
		};
/* End PBXGroup section */

/* Begin PBXNativeTarget section */
		0B71742B208F5D6C007F70C5 /* Hobbies */ = {
			isa = PBXNativeTarget;
			buildConfigurationList = 0B71743E208F5D6D007F70C5 /* Build configuration list for PBXNativeTarget "Hobbies" */;
			buildPhases = (
				0B717428208F5D6C007F70C5 /* Sources */,
				0B717429208F5D6C007F70C5 /* Frameworks */,
				0B71742A208F5D6C007F70C5 /* Resources */,
			);
			buildRules = (
			);
			dependencies = (
			);
			name = Hobbies;
			productName = Hobbies;
			productReference = 0B71742C208F5D6C007F70C5 /* Hobbies.app */;
			productType = "com.apple.product-type.application";
		};
/* End PBXNativeTarget section */

/* Begin PBXProject section */
		0B717424208F5D6C007F70C5 /* Project object */ = {
			isa = PBXProject;
			attributes = {
				LastSwiftUpdateCheck = 0930;
				LastUpgradeCheck = 0930;
				ORGANIZATIONNAME = "Angela Lin";
				TargetAttributes = {
					0B71742B208F5D6C007F70C5 = {
						CreatedOnToolsVersion = 9.3;
					};
				};
			};
			buildConfigurationList = 0B717427208F5D6C007F70C5 /* Build configuration list for PBXProject "Hobbies" */;
			compatibilityVersion = "Xcode 9.3";
			developmentRegion = en;
			hasScannedForEncodings = 0;
			knownRegions = (
				en,
				Base,
			);
			mainGroup = 0B717423208F5D6C007F70C5;
			productRefGroup = 0B71742D208F5D6C007F70C5 /* Products */;
			projectDirPath = "";
			projectRoot = "";
			targets = (
				0B71742B208F5D6C007F70C5 /* Hobbies */,
			);
		};
/* End PBXProject section */

/* Begin PBXResourcesBuildPhase section */
		0B71742A208F5D6C007F70C5 /* Resources */ = {
			isa = PBXResourcesBuildPhase;
			buildActionMask = 2147483647;
			files = (
				0B71743A208F5D6D007F70C5 /* LaunchScreen.storyboard in Resources */,
				0B717437208F5D6D007F70C5 /* Assets.xcassets in Resources */,
				0B717435208F5D6C007F70C5 /* Main.storyboard in Resources */,
			);
			runOnlyForDeploymentPostprocessing = 0;
		};
/* End PBXResourcesBuildPhase section */

/* Begin PBXSourcesBuildPhase section */
		0B717428208F5D6C007F70C5 /* Sources */ = {
			isa = PBXSourcesBuildPhase;
			buildActionMask = 2147483647;
			files = (
				0B717430208F5D6C007F70C5 /* AppDelegate.swift in Sources */,
				0B71744F208F658E007F70C5 /* readingVC.swift in Sources */,
				0B71744D208F657C007F70C5 /* bikingVC.swift in Sources */,
				0B717442208F5DD0007F70C5 /* WelcomeVC.swift in Sources */,
			);
			runOnlyForDeploymentPostprocessing = 0;
		};
/* End PBXSourcesBuildPhase section */

/* Begin PBXVariantGroup section */
		0B717433208F5D6C007F70C5 /* Main.storyboard */ = {
			isa = PBXVariantGroup;
			children = (
				0B717434208F5D6C007F70C5 /* Base */,
			);
			name = Main.storyboard;
			sourceTree = "<group>";
		};
		0B717438208F5D6D007F70C5 /* LaunchScreen.storyboard */ = {
			isa = PBXVariantGroup;
			children = (
				0B717439208F5D6D007F70C5 /* Base */,
			);
			name = LaunchScreen.storyboard;
			sourceTree = "<group>";
		};
/* End PBXVariantGroup section */

/* Begin XCBuildConfiguration section */
		0B71743C208F5D6D007F70C5 /* Debug */ = {
			isa = XCBuildConfiguration;
			buildSettings = {
				ALWAYS_SEARCH_USER_PATHS = NO;
				CLANG_ANALYZER_NONNULL = YES;
				CLANG_ANALYZER_NUMBER_OBJECT_CONVERSION = YES_AGGRESSIVE;
				CLANG_CXX_LANGUAGE_STANDARD = "gnu++14";
				CLANG_CXX_LIBRARY = "libc++";
				CLANG_ENABLE_MODULES = YES;
				CLANG_ENABLE_OBJC_ARC = YES;
				CLANG_ENABLE_OBJC_WEAK = YES;
				CLANG_WARN_BLOCK_CAPTURE_AUTORELEASING = YES;
				CLANG_WARN_BOOL_CONVERSION = YES;
				CLANG_WARN_COMMA = YES;
				CLANG_WARN_CONSTANT_CONVERSION = YES;
				CLANG_WARN_DEPRECATED_OBJC_IMPLEMENTATIONS = YES;
				CLANG_WARN_DIRECT_OBJC_ISA_USAGE = YES_ERROR;
				CLANG_WARN_DOCUMENTATION_COMMENTS = YES;
				CLANG_WARN_EMPTY_BODY = YES;
				CLANG_WARN_ENUM_CONVERSION = YES;
				CLANG_WARN_INFINITE_RECURSION = YES;
				CLANG_WARN_INT_CONVERSION = YES;
				CLANG_WARN_NON_LITERAL_NULL_CONVERSION = YES;
				CLANG_WARN_OBJC_IMPLICIT_RETAIN_SELF = YES;
				CLANG_WARN_OBJC_LITERAL_CONVERSION = YES;
				CLANG_WARN_OBJC_ROOT_CLASS = YES_ERROR;
				CLANG_WARN_RANGE_LOOP_ANALYSIS = YES;
				CLANG_WARN_STRICT_PROTOTYPES = YES;
				CLANG_WARN_SUSPICIOUS_MOVE = YES;
				CLANG_WARN_UNGUARDED_AVAILABILITY = YES_AGGRESSIVE;
				CLANG_WARN_UNREACHABLE_CODE = YES;
				CLANG_WARN__DUPLICATE_METHOD_MATCH = YES;
				CODE_SIGN_IDENTITY = "iPhone Developer";
				COPY_PHASE_STRIP = NO;
				DEBUG_INFORMATION_FORMAT = dwarf;
				ENABLE_STRICT_OBJC_MSGSEND = YES;
				ENABLE_TESTABILITY = YES;
				GCC_C_LANGUAGE_STANDARD = gnu11;
				GCC_DYNAMIC_NO_PIC = NO;
				GCC_NO_COMMON_BLOCKS = YES;
				GCC_OPTIMIZATION_LEVEL = 0;
				GCC_PREPROCESSOR_DEFINITIONS = (
					"DEBUG=1",
					"$(inherited)",
				);
				GCC_WARN_64_TO_32_BIT_CONVERSION = YES;
				GCC_WARN_ABOUT_RETURN_TYPE = YES_ERROR;
				GCC_WARN_UNDECLARED_SELECTOR = YES;
				GCC_WARN_UNINITIALIZED_AUTOS = YES_AGGRESSIVE;
				GCC_WARN_UNUSED_FUNCTION = YES;
				GCC_WARN_UNUSED_VARIABLE = YES;
				IPHONEOS_DEPLOYMENT_TARGET = 11.3;
				MTL_ENABLE_DEBUG_INFO = YES;
				ONLY_ACTIVE_ARCH = YES;
				SDKROOT = iphoneos;
				SWIFT_ACTIVE_COMPILATION_CONDITIONS = DEBUG;
				SWIFT_OPTIMIZATION_LEVEL = "-Onone";
			};
			name = Debug;
		};
		0B71743D208F5D6D007F70C5 /* Release */ = {
			isa = XCBuildConfiguration;
			buildSettings = {
				ALWAYS_SEARCH_USER_PATHS = NO;
				CLANG_ANALYZER_NONNULL = YES;
				CLANG_ANALYZER_NUMBER_OBJECT_CONVERSION = YES_AGGRESSIVE;
				CLANG_CXX_LANGUAGE_STANDARD = "gnu++14";
				CLANG_CXX_LIBRARY = "libc++";
				CLANG_ENABLE_MODULES = YES;
				CLANG_ENABLE_OBJC_ARC = YES;
				CLANG_ENABLE_OBJC_WEAK = YES;
				CLANG_WARN_BLOCK_CAPTURE_AUTORELEASING = YES;
				CLANG_WARN_BOOL_CONVERSION = YES;
				CLANG_WARN_COMMA = YES;
				CLANG_WARN_CONSTANT_CONVERSION = YES;
				CLANG_WARN_DEPRECATED_OBJC_IMPLEMENTATIONS = YES;
				CLANG_WARN_DIRECT_OBJC_ISA_USAGE = YES_ERROR;
				CLANG_WARN_DOCUMENTATION_COMMENTS = YES;
				CLANG_WARN_EMPTY_BODY = YES;
				CLANG_WARN_ENUM_CONVERSION = YES;
				CLANG_WARN_INFINITE_RECURSION = YES;
				CLANG_WARN_INT_CONVERSION = YES;
				CLANG_WARN_NON_LITERAL_NULL_CONVERSION = YES;
				CLANG_WARN_OBJC_IMPLICIT_RETAIN_SELF = YES;
				CLANG_WARN_OBJC_LITERAL_CONVERSION = YES;
				CLANG_WARN_OBJC_ROOT_CLASS = YES_ERROR;
				CLANG_WARN_RANGE_LOOP_ANALYSIS = YES;
				CLANG_WARN_STRICT_PROTOTYPES = YES;
				CLANG_WARN_SUSPICIOUS_MOVE = YES;
				CLANG_WARN_UNGUARDED_AVAILABILITY = YES_AGGRESSIVE;
				CLANG_WARN_UNREACHABLE_CODE = YES;
				CLANG_WARN__DUPLICATE_METHOD_MATCH = YES;
				CODE_SIGN_IDENTITY = "iPhone Developer";
				COPY_PHASE_STRIP = NO;
				DEBUG_INFORMATION_FORMAT = "dwarf-with-dsym";
				ENABLE_NS_ASSERTIONS = NO;
				ENABLE_STRICT_OBJC_MSGSEND = YES;
				GCC_C_LANGUAGE_STANDARD = gnu11;
				GCC_NO_COMMON_BLOCKS = YES;
				GCC_WARN_64_TO_32_BIT_CONVERSION = YES;
				GCC_WARN_ABOUT_RETURN_TYPE = YES_ERROR;
				GCC_WARN_UNDECLARED_SELECTOR = YES;
				GCC_WARN_UNINITIALIZED_AUTOS = YES_AGGRESSIVE;
				GCC_WARN_UNUSED_FUNCTION = YES;
				GCC_WARN_UNUSED_VARIABLE = YES;
				IPHONEOS_DEPLOYMENT_TARGET = 11.3;
				MTL_ENABLE_DEBUG_INFO = NO;
				SDKROOT = iphoneos;
				SWIFT_COMPILATION_MODE = wholemodule;
				SWIFT_OPTIMIZATION_LEVEL = "-O";
				VALIDATE_PRODUCT = YES;
			};
			name = Release;
		};
		0B71743F208F5D6D007F70C5 /* Debug */ = {
			isa = XCBuildConfiguration;
			buildSettings = {
				ASSETCATALOG_COMPILER_APPICON_NAME = AppIcon;
				CODE_SIGN_STYLE = Automatic;
				INFOPLIST_FILE = Hobbies/Info.plist;
				LD_RUNPATH_SEARCH_PATHS = (
					"$(inherited)",
					"@executable_path/Frameworks",
				);
				PRODUCT_BUNDLE_IDENTIFIER = com.angela.Hobbies;
				PRODUCT_NAME = "$(TARGET_NAME)";
				SWIFT_VERSION = 4.0;
				TARGETED_DEVICE_FAMILY = "1,2";
			};
			name = Debug;
		};
		0B717440208F5D6D007F70C5 /* Release */ = {
			isa = XCBuildConfiguration;
			buildSettings = {
				ASSETCATALOG_COMPILER_APPICON_NAME = AppIcon;
				CODE_SIGN_STYLE = Automatic;
				INFOPLIST_FILE = Hobbies/Info.plist;
				LD_RUNPATH_SEARCH_PATHS = (
					"$(inherited)",
					"@executable_path/Frameworks",
				);
				PRODUCT_BUNDLE_IDENTIFIER = com.angela.Hobbies;
				PRODUCT_NAME = "$(TARGET_NAME)";
				SWIFT_VERSION = 4.0;
				TARGETED_DEVICE_FAMILY = "1,2";
			};
			name = Release;
		};
/* End XCBuildConfiguration section */

/* Begin XCConfigurationList section */
		0B717427208F5D6C007F70C5 /* Build configuration list for PBXProject "Hobbies" */ = {
			isa = XCConfigurationList;
			buildConfigurations = (
				0B71743C208F5D6D007F70C5 /* Debug */,
				0B71743D208F5D6D007F70C5 /* Release */,
			);
			defaultConfigurationIsVisible = 0;
			defaultConfigurationName = Release;
		};
		0B71743E208F5D6D007F70C5 /* Build configuration list for PBXNativeTarget "Hobbies" */ = {
			isa = XCConfigurationList;
			buildConfigurations = (
				0B71743F208F5D6D007F70C5 /* Debug */,
				0B717440208F5D6D007F70C5 /* Release */,
			);
			defaultConfigurationIsVisible = 0;
			defaultConfigurationName = Release;
		};
/* End XCConfigurationList section */
	};
	rootObject = 0B717424208F5D6C007F70C5 /* Project object */;
}
